
Microsoft Visual Studio Solution File, Format Version 12.00
# Visual Studio 15
VisualStudioVersion = 15.0.27428.2037
MinimumVisualStudioVersion = 10.0.40219.1
Project("{FAE04EC0-301F-11D3-BF4B-00C04F79EFBC}") = "RODO", "RODO\RODO.csproj", "{954AA3BC-E6F3-4AE1-8A2F-B5300867CA09}"
EndProject
Global
	GlobalSection(SolutionConfigurationPlatforms) = preSolution
		Debug|Any CPU = Debug|Any CPU
		Release|Any CPU = Release|Any CPU
	EndGlobalSection
	GlobalSection(ProjectConfigurationPlatforms) = postSolution
		{954AA3BC-E6F3-4AE1-8A2F-B5300867CA09}.Debug|Any CPU.ActiveCfg = Debug|Any CPU
		{954AA3BC-E6F3-4AE1-8A2F-B5300867CA09}.Debug|Any CPU.Build.0 = Debug|Any CPU
		{954AA3BC-E6F3-4AE1-8A2F-B5300867CA09}.Release|Any CPU.ActiveCfg = Release|Any CPU
		{954AA3BC-E6F3-4AE1-8A2F-B5300867CA09}.Release|Any CPU.Build.0 = Release|Any CPU
	EndGlobalSection
	GlobalSection(SolutionProperties) = preSolution
		HideSolutionNode = FALSE
	EndGlobalSection
	GlobalSection(ExtensibilityGlobals) = postSolution
		SolutionGuid = {812076C3-5710-4E36-AF59-7F571C0A83A4}
	EndGlobalSection
EndGlobal
